
Microsoft Visual Studio Solution File, Format Version 12.00
# Visual Studio Version 17
VisualStudioVersion = 17.11.35312.102
MinimumVisualStudioVersion = 10.0.40219.1
Project("{FAE04EC0-301F-11D3-BF4B-00C04F79EFBC}") = "practica4", "practica4\practica4.csproj", "{E5F0D61E-289F-4ACC-82D7-CBD55D3E96C7}"
EndProject
Global
	GlobalSection(SolutionConfigurationPlatforms) = preSolution
		Debug|Any CPU = Debug|Any CPU
		Release|Any CPU = Release|Any CPU
	EndGlobalSection
	GlobalSection(ProjectConfigurationPlatforms) = postSolution
		{E5F0D61E-289F-4ACC-82D7-CBD55D3E96C7}.Debug|Any CPU.ActiveCfg = Debug|Any CPU
		{E5F0D61E-289F-4ACC-82D7-CBD55D3E96C7}.Debug|Any CPU.Build.0 = Debug|Any CPU
		{E5F0D61E-289F-4ACC-82D7-CBD55D3E96C7}.Release|Any CPU.ActiveCfg = Release|Any CPU
		{E5F0D61E-289F-4ACC-82D7-CBD55D3E96C7}.Release|Any CPU.Build.0 = Release|Any CPU
	EndGlobalSection
	GlobalSection(SolutionProperties) = preSolution
		HideSolutionNode = FALSE
	EndGlobalSection
	GlobalSection(ExtensibilityGlobals) = postSolution
		SolutionGuid = {BFCFDBA8-286A-4515-803D-692E40E91AF7}
	EndGlobalSection
EndGlobal
